
Microsoft Visual Studio Solution File, Format Version 12.00
# Visual Studio 15
VisualStudioVersion = 15.0.28307.421
MinimumVisualStudioVersion = 10.0.40219.1
Project("{FAE04EC0-301F-11D3-BF4B-00C04F79EFBC}") = "WithNTier", "WithNTier\WithNTier.csproj", "{A424CAA3-510A-407B-83CE-FCE4C39BE5A5}"
EndProject
Project("{FAE04EC0-301F-11D3-BF4B-00C04F79EFBC}") = "BEL", "BEL\BEL.csproj", "{C6DD89CD-5FD6-4E33-B587-86F69BAD6C88}"
EndProject
Project("{FAE04EC0-301F-11D3-BF4B-00C04F79EFBC}") = "DAL", "DAL\DAL.csproj", "{756FEFA9-3250-454C-92A2-6AAF297CDCAC}"
EndProject
Project("{FAE04EC0-301F-11D3-BF4B-00C04F79EFBC}") = "BAL", "BAL\BAL.csproj", "{767F753F-1F34-4FD5-A286-A8AC3AEADF6C}"
EndProject
Global
	GlobalSection(SolutionConfigurationPlatforms) = preSolution
		Debug|Any CPU = Debug|Any CPU
		Release|Any CPU = Release|Any CPU
	EndGlobalSection
	GlobalSection(ProjectConfigurationPlatforms) = postSolution
		{A424CAA3-510A-407B-83CE-FCE4C39BE5A5}.Debug|Any CPU.ActiveCfg = Debug|Any CPU
		{A424CAA3-510A-407B-83CE-FCE4C39BE5A5}.Debug|Any CPU.Build.0 = Debug|Any CPU
		{A424CAA3-510A-407B-83CE-FCE4C39BE5A5}.Release|Any CPU.ActiveCfg = Release|Any CPU
		{A424CAA3-510A-407B-83CE-FCE4C39BE5A5}.Release|Any CPU.Build.0 = Release|Any CPU
		{C6DD89CD-5FD6-4E33-B587-86F69BAD6C88}.Debug|Any CPU.ActiveCfg = Debug|Any CPU
		{C6DD89CD-5FD6-4E33-B587-86F69BAD6C88}.Debug|Any CPU.Build.0 = Debug|Any CPU
		{C6DD89CD-5FD6-4E33-B587-86F69BAD6C88}.Release|Any CPU.ActiveCfg = Release|Any CPU
		{C6DD89CD-5FD6-4E33-B587-86F69BAD6C88}.Release|Any CPU.Build.0 = Release|Any CPU
		{756FEFA9-3250-454C-92A2-6AAF297CDCAC}.Debug|Any CPU.ActiveCfg = Debug|Any CPU
		{756FEFA9-3250-454C-92A2-6AAF297CDCAC}.Debug|Any CPU.Build.0 = Debug|Any CPU
		{756FEFA9-3250-454C-92A2-6AAF297CDCAC}.Release|Any CPU.ActiveCfg = Release|Any CPU
		{756FEFA9-3250-454C-92A2-6AAF297CDCAC}.Release|Any CPU.Build.0 = Release|Any CPU
		{767F753F-1F34-4FD5-A286-A8AC3AEADF6C}.Debug|Any CPU.ActiveCfg = Debug|Any CPU
		{767F753F-1F34-4FD5-A286-A8AC3AEADF6C}.Debug|Any CPU.Build.0 = Debug|Any CPU
		{767F753F-1F34-4FD5-A286-A8AC3AEADF6C}.Release|Any CPU.ActiveCfg = Release|Any CPU
		{767F753F-1F34-4FD5-A286-A8AC3AEADF6C}.Release|Any CPU.Build.0 = Release|Any CPU
	EndGlobalSection
	GlobalSection(SolutionProperties) = preSolution
		HideSolutionNode = FALSE
	EndGlobalSection
	GlobalSection(ExtensibilityGlobals) = postSolution
		SolutionGuid = {783B65DE-DE2C-4D1C-AE36-156A4FD0DFAC}
	EndGlobalSection
EndGlobal
